// !$*UTF8*$!
{
	archiveVersion = 1;
	classes = {
	};
	objectVersion = 55;
	objects = {

/* Begin PBXBuildFile section */
		AE673CD428059436001943EE /* AppDelegate.swift in Sources */ = {isa = PBXBuildFile; fileRef = AE673CD328059436001943EE /* AppDelegate.swift */; };
		AE673CD628059436001943EE /* SceneDelegate.swift in Sources */ = {isa = PBXBuildFile; fileRef = AE673CD528059436001943EE /* SceneDelegate.swift */; };
		AE673CD828059436001943EE /* ViewController.swift in Sources */ = {isa = PBXBuildFile; fileRef = AE673CD728059436001943EE /* ViewController.swift */; };
		AE673CDB28059436001943EE /* Main.storyboard in Resources */ = {isa = PBXBuildFile; fileRef = AE673CD928059436001943EE /* Main.storyboard */; };
		AE673CDD28059437001943EE /* Assets.xcassets in Resources */ = {isa = PBXBuildFile; fileRef = AE673CDC28059437001943EE /* Assets.xcassets */; };
		AE673CE028059437001943EE /* LaunchScreen.storyboard in Resources */ = {isa = PBXBuildFile; fileRef = AE673CDE28059437001943EE /* LaunchScreen.storyboard */; };
		AE673CED2805CE4C001943EE /* MoviesViewModel.swift in Sources */ = {isa = PBXBuildFile; fileRef = AE673CEC2805CE4C001943EE /* MoviesViewModel.swift */; };
		AE673CEF2805CFFC001943EE /* APIServices.swift in Sources */ = {isa = PBXBuildFile; fileRef = AE673CEE2805CFFC001943EE /* APIServices.swift */; };
		AE673CF22805DE5D001943EE /* Movie.swift in Sources */ = {isa = PBXBuildFile; fileRef = AE673CF12805DE5D001943EE /* Movie.swift */; };
/* End PBXBuildFile section */

/* Begin PBXFileReference section */
		AE673CD028059436001943EE /* TestPv.app */ = {isa = PBXFileReference; explicitFileType = wrapper.application; includeInIndex = 0; path = TestPv.app; sourceTree = BUILT_PRODUCTS_DIR; };
		AE673CD328059436001943EE /* AppDelegate.swift */ = {isa = PBXFileReference; lastKnownFileType = sourcecode.swift; path = AppDelegate.swift; sourceTree = "<group>"; };
		AE673CD528059436001943EE /* SceneDelegate.swift */ = {isa = PBXFileReference; lastKnownFileType = sourcecode.swift; path = SceneDelegate.swift; sourceTree = "<group>"; };
		AE673CD728059436001943EE /* ViewController.swift */ = {isa = PBXFileReference; lastKnownFileType = sourcecode.swift; path = ViewController.swift; sourceTree = "<group>"; };
		AE673CDA28059436001943EE /* Base */ = {isa = PBXFileReference; lastKnownFileType = file.storyboard; name = Base; path = Base.lproj/Main.storyboard; sourceTree = "<group>"; };
		AE673CDC28059437001943EE /* Assets.xcassets */ = {isa = PBXFileReference; lastKnownFileType = folder.assetcatalog; path = Assets.xcassets; sourceTree = "<group>"; };
		AE673CDF28059437001943EE /* Base */ = {isa = PBXFileReference; lastKnownFileType = file.storyboard; name = Base; path = Base.lproj/LaunchScreen.storyboard; sourceTree = "<group>"; };
		AE673CE128059437001943EE /* Info.plist */ = {isa = PBXFileReference; lastKnownFileType = text.plist.xml; path = Info.plist; sourceTree = "<group>"; };
		AE673CEC2805CE4C001943EE /* MoviesViewModel.swift */ = {isa = PBXFileReference; lastKnownFileType = sourcecode.swift; path = MoviesViewModel.swift; sourceTree = "<group>"; };
		AE673CEE2805CFFC001943EE /* APIServices.swift */ = {isa = PBXFileReference; lastKnownFileType = sourcecode.swift; path = APIServices.swift; sourceTree = "<group>"; };
		AE673CF12805DE5D001943EE /* Movie.swift */ = {isa = PBXFileReference; lastKnownFileType = sourcecode.swift; path = Movie.swift; sourceTree = "<group>"; };
/* End PBXFileReference section */

/* Begin PBXFrameworksBuildPhase section */
		AE673CCD28059436001943EE /* Frameworks */ = {
			isa = PBXFrameworksBuildPhase;
			buildActionMask = 2147483647;
			files = (
			);
			runOnlyForDeploymentPostprocessing = 0;
		};
/* End PBXFrameworksBuildPhase section */

/* Begin PBXGroup section */
		90430E6DD6C02001D5FFAE19 /* Pods */ = {
			isa = PBXGroup;
			children = (
			);
			path = Pods;
			sourceTree = "<group>";
		};
		AE673CC728059436001943EE = {
			isa = PBXGroup;
			children = (
				AE673CD228059436001943EE /* TestPv */,
				AE673CD128059436001943EE /* Products */,
				90430E6DD6C02001D5FFAE19 /* Pods */,
			);
			sourceTree = "<group>";
		};
		AE673CD128059436001943EE /* Products */ = {
			isa = PBXGroup;
			children = (
				AE673CD028059436001943EE /* TestPv.app */,
			);
			name = Products;
			sourceTree = "<group>";
		};
		AE673CD228059436001943EE /* TestPv */ = {
			isa = PBXGroup;
			children = (
				AE673CF02805DE46001943EE /* Models */,
				AE673CEB2805CE00001943EE /* ViewModels */,
				AE673CEA2805CDED001943EE /* API Services */,
				AE673CE92805CDE1001943EE /* Controllers */,
				AE673CD328059436001943EE /* AppDelegate.swift */,
				AE673CD528059436001943EE /* SceneDelegate.swift */,
				AE673CD928059436001943EE /* Main.storyboard */,
				AE673CDC28059437001943EE /* Assets.xcassets */,
				AE673CDE28059437001943EE /* LaunchScreen.storyboard */,
				AE673CE128059437001943EE /* Info.plist */,
			);
			path = TestPv;
			sourceTree = "<group>";
		};
		AE673CE92805CDE1001943EE /* Controllers */ = {
			isa = PBXGroup;
			children = (
				AE673CD728059436001943EE /* ViewController.swift */,
			);
			path = Controllers;
			sourceTree = "<group>";
		};
		AE673CEA2805CDED001943EE /* API Services */ = {
			isa = PBXGroup;
			children = (
				AE673CEE2805CFFC001943EE /* APIServices.swift */,
			);
			name = "API Services";
			sourceTree = "<group>";
		};
		AE673CEB2805CE00001943EE /* ViewModels */ = {
			isa = PBXGroup;
			children = (
				AE673CEC2805CE4C001943EE /* MoviesViewModel.swift */,
			);
			path = ViewModels;
			sourceTree = "<group>";
		};
		AE673CF02805DE46001943EE /* Models */ = {
			isa = PBXGroup;
			children = (
				AE673CF12805DE5D001943EE /* Movie.swift */,
			);
			path = Models;
			sourceTree = "<group>";
		};
/* End PBXGroup section */

/* Begin PBXNativeTarget section */
		AE673CCF28059436001943EE /* TestPv */ = {
			isa = PBXNativeTarget;
			buildConfigurationList = AE673CE428059437001943EE /* Build configuration list for PBXNativeTarget "TestPv" */;
			buildPhases = (
				AE673CCC28059436001943EE /* Sources */,
				AE673CCD28059436001943EE /* Frameworks */,
				AE673CCE28059436001943EE /* Resources */,
			);
			buildRules = (
			);
			dependencies = (
			);
			name = TestPv;
			productName = TestPv;
			productReference = AE673CD028059436001943EE /* TestPv.app */;
			productType = "com.apple.product-type.application";
		};
/* End PBXNativeTarget section */

/* Begin PBXProject section */
		AE673CC828059436001943EE /* Project object */ = {
			isa = PBXProject;
			attributes = {
				BuildIndependentTargetsInParallel = 1;
				LastSwiftUpdateCheck = 1330;
				LastUpgradeCheck = 1330;
				TargetAttributes = {
					AE673CCF28059436001943EE = {
						CreatedOnToolsVersion = 13.3;
					};
				};
			};
			buildConfigurationList = AE673CCB28059436001943EE /* Build configuration list for PBXProject "TestPv" */;
			compatibilityVersion = "Xcode 13.0";
			developmentRegion = en;
			hasScannedForEncodings = 0;
			knownRegions = (
				en,
				Base,
			);
			mainGroup = AE673CC728059436001943EE;
			productRefGroup = AE673CD128059436001943EE /* Products */;
			projectDirPath = "";
			projectRoot = "";
			targets = (
				AE673CCF28059436001943EE /* TestPv */,
			);
		};
/* End PBXProject section */

/* Begin PBXResourcesBuildPhase section */
		AE673CCE28059436001943EE /* Resources */ = {
			isa = PBXResourcesBuildPhase;
			buildActionMask = 2147483647;
			files = (
				AE673CE028059437001943EE /* LaunchScreen.storyboard in Resources */,
				AE673CDD28059437001943EE /* Assets.xcassets in Resources */,
				AE673CDB28059436001943EE /* Main.storyboard in Resources */,
			);
			runOnlyForDeploymentPostprocessing = 0;
		};
/* End PBXResourcesBuildPhase section */

/* Begin PBXSourcesBuildPhase section */
		AE673CCC28059436001943EE /* Sources */ = {
			isa = PBXSourcesBuildPhase;
			buildActionMask = 2147483647;
			files = (
				AE673CED2805CE4C001943EE /* MoviesViewModel.swift in Sources */,
				AE673CD828059436001943EE /* ViewController.swift in Sources */,
				AE673CF22805DE5D001943EE /* Movie.swift in Sources */,
				AE673CD428059436001943EE /* AppDelegate.swift in Sources */,
				AE673CD628059436001943EE /* SceneDelegate.swift in Sources */,
				AE673CEF2805CFFC001943EE /* APIServices.swift in Sources */,
			);
			runOnlyForDeploymentPostprocessing = 0;
		};
/* End PBXSourcesBuildPhase section */

/* Begin PBXVariantGroup section */
		AE673CD928059436001943EE /* Main.storyboard */ = {
			isa = PBXVariantGroup;
			children = (
				AE673CDA28059436001943EE /* Base */,
			);
			name = Main.storyboard;
			sourceTree = "<group>";
		};
		AE673CDE28059437001943EE /* LaunchScreen.storyboard */ = {
			isa = PBXVariantGroup;
			children = (
				AE673CDF28059437001943EE /* Base */,
			);
			name = LaunchScreen.storyboard;
			sourceTree = "<group>";
		};
/* End PBXVariantGroup section */

/* Begin XCBuildConfiguration section */
		AE673CE228059437001943EE /* Debug */ = {
			isa = XCBuildConfiguration;
			buildSettings = {
				ALWAYS_SEARCH_USER_PATHS = NO;
				CLANG_ANALYZER_NONNULL = YES;
				CLANG_ANALYZER_NUMBER_OBJECT_CONVERSION = YES_AGGRESSIVE;
				CLANG_CXX_LANGUAGE_STANDARD = "gnu++17";
				CLANG_ENABLE_MODULES = YES;
				CLANG_ENABLE_OBJC_ARC = YES;
				CLANG_ENABLE_OBJC_WEAK = YES;
				CLANG_WARN_BLOCK_CAPTURE_AUTORELEASING = YES;
				CLANG_WARN_BOOL_CONVERSION = YES;
				CLANG_WARN_COMMA = YES;
				CLANG_WARN_CONSTANT_CONVERSION = YES;
				CLANG_WARN_DEPRECATED_OBJC_IMPLEMENTATIONS = YES;
				CLANG_WARN_DIRECT_OBJC_ISA_USAGE = YES_ERROR;
				CLANG_WARN_DOCUMENTATION_COMMENTS = YES;
				CLANG_WARN_EMPTY_BODY = YES;
				CLANG_WARN_ENUM_CONVERSION = YES;
				CLANG_WARN_INFINITE_RECURSION = YES;
				CLANG_WARN_INT_CONVERSION = YES;
				CLANG_WARN_NON_LITERAL_NULL_CONVERSION = YES;
				CLANG_WARN_OBJC_IMPLICIT_RETAIN_SELF = YES;
				CLANG_WARN_OBJC_LITERAL_CONVERSION = YES;
				CLANG_WARN_OBJC_ROOT_CLASS = YES_ERROR;
				CLANG_WARN_QUOTED_INCLUDE_IN_FRAMEWORK_HEADER = YES;
				CLANG_WARN_RANGE_LOOP_ANALYSIS = YES;
				CLANG_WARN_STRICT_PROTOTYPES = YES;
				CLANG_WARN_SUSPICIOUS_MOVE = YES;
				CLANG_WARN_UNGUARDED_AVAILABILITY = YES_AGGRESSIVE;
				CLANG_WARN_UNREACHABLE_CODE = YES;
				CLANG_WARN__DUPLICATE_METHOD_MATCH = YES;
				COPY_PHASE_STRIP = NO;
				DEBUG_INFORMATION_FORMAT = dwarf;
				ENABLE_STRICT_OBJC_MSGSEND = YES;
				ENABLE_TESTABILITY = YES;
				GCC_C_LANGUAGE_STANDARD = gnu11;
				GCC_DYNAMIC_NO_PIC = NO;
				GCC_NO_COMMON_BLOCKS = YES;
				GCC_OPTIMIZATION_LEVEL = 0;
				GCC_PREPROCESSOR_DEFINITIONS = (
					"DEBUG=1",
					"$(inherited)",
				);
				GCC_WARN_64_TO_32_BIT_CONVERSION = YES;
				GCC_WARN_ABOUT_RETURN_TYPE = YES_ERROR;
				GCC_WARN_UNDECLARED_SELECTOR = YES;
				GCC_WARN_UNINITIALIZED_AUTOS = YES_AGGRESSIVE;
				GCC_WARN_UNUSED_FUNCTION = YES;
				GCC_WARN_UNUSED_VARIABLE = YES;
				IPHONEOS_DEPLOYMENT_TARGET = 15.4;
				MTL_ENABLE_DEBUG_INFO = INCLUDE_SOURCE;
				MTL_FAST_MATH = YES;
				ONLY_ACTIVE_ARCH = YES;
				SDKROOT = iphoneos;
				SWIFT_ACTIVE_COMPILATION_CONDITIONS = DEBUG;
				SWIFT_OPTIMIZATION_LEVEL = "-Onone";
			};
			name = Debug;
		};
		AE673CE328059437001943EE /* Release */ = {
			isa = XCBuildConfiguration;
			buildSettings = {
				ALWAYS_SEARCH_USER_PATHS = NO;
				CLANG_ANALYZER_NONNULL = YES;
				CLANG_ANALYZER_NUMBER_OBJECT_CONVERSION = YES_AGGRESSIVE;
				CLANG_CXX_LANGUAGE_STANDARD = "gnu++17";
				CLANG_ENABLE_MODULES = YES;
				CLANG_ENABLE_OBJC_ARC = YES;
				CLANG_ENABLE_OBJC_WEAK = YES;
				CLANG_WARN_BLOCK_CAPTURE_AUTORELEASING = YES;
				CLANG_WARN_BOOL_CONVERSION = YES;
				CLANG_WARN_COMMA = YES;
				CLANG_WARN_CONSTANT_CONVERSION = YES;
				CLANG_WARN_DEPRECATED_OBJC_IMPLEMENTATIONS = YES;
				CLANG_WARN_DIRECT_OBJC_ISA_USAGE = YES_ERROR;
				CLANG_WARN_DOCUMENTATION_COMMENTS = YES;
				CLANG_WARN_EMPTY_BODY = YES;
				CLANG_WARN_ENUM_CONVERSION = YES;
				CLANG_WARN_INFINITE_RECURSION = YES;
				CLANG_WARN_INT_CONVERSION = YES;
				CLANG_WARN_NON_LITERAL_NULL_CONVERSION = YES;
				CLANG_WARN_OBJC_IMPLICIT_RETAIN_SELF = YES;
				CLANG_WARN_OBJC_LITERAL_CONVERSION = YES;
				CLANG_WARN_OBJC_ROOT_CLASS = YES_ERROR;
				CLANG_WARN_QUOTED_INCLUDE_IN_FRAMEWORK_HEADER = YES;
				CLANG_WARN_RANGE_LOOP_ANALYSIS = YES;
				CLANG_WARN_STRICT_PROTOTYPES = YES;
				CLANG_WARN_SUSPICIOUS_MOVE = YES;
				CLANG_WARN_UNGUARDED_AVAILABILITY = YES_AGGRESSIVE;
				CLANG_WARN_UNREACHABLE_CODE = YES;
				CLANG_WARN__DUPLICATE_METHOD_MATCH = YES;
				COPY_PHASE_STRIP = NO;
				DEBUG_INFORMATION_FORMAT = "dwarf-with-dsym";
				ENABLE_NS_ASSERTIONS = NO;
				ENABLE_STRICT_OBJC_MSGSEND = YES;
				GCC_C_LANGUAGE_STANDARD = gnu11;
				GCC_NO_COMMON_BLOCKS = YES;
				GCC_WARN_64_TO_32_BIT_CONVERSION = YES;
				GCC_WARN_ABOUT_RETURN_TYPE = YES_ERROR;
				GCC_WARN_UNDECLARED_SELECTOR = YES;
				GCC_WARN_UNINITIALIZED_AUTOS = YES_AGGRESSIVE;
				GCC_WARN_UNUSED_FUNCTION = YES;
				GCC_WARN_UNUSED_VARIABLE = YES;
				IPHONEOS_DEPLOYMENT_TARGET = 15.4;
				MTL_ENABLE_DEBUG_INFO = NO;
				MTL_FAST_MATH = YES;
				SDKROOT = iphoneos;
				SWIFT_COMPILATION_MODE = wholemodule;
				SWIFT_OPTIMIZATION_LEVEL = "-O";
				VALIDATE_PRODUCT = YES;
			};
			name = Release;
		};
		AE673CE528059437001943EE /* Debug */ = {
			isa = XCBuildConfiguration;
			buildSettings = {
				ASSETCATALOG_COMPILER_APPICON_NAME = AppIcon;
				ASSETCATALOG_COMPILER_GLOBAL_ACCENT_COLOR_NAME = AccentColor;
				CODE_SIGN_STYLE = Automatic;
				CURRENT_PROJECT_VERSION = 1;
				DEVELOPMENT_TEAM = 6SQPDZ732L;
				GENERATE_INFOPLIST_FILE = YES;
				INFOPLIST_FILE = TestPv/Info.plist;
				INFOPLIST_KEY_UIApplicationSupportsIndirectInputEvents = YES;
				INFOPLIST_KEY_UILaunchStoryboardName = LaunchScreen;
				INFOPLIST_KEY_UIMainStoryboardFile = Main;
				INFOPLIST_KEY_UISupportedInterfaceOrientations_iPad = "UIInterfaceOrientationPortrait UIInterfaceOrientationPortraitUpsideDown UIInterfaceOrientationLandscapeLeft UIInterfaceOrientationLandscapeRight";
				INFOPLIST_KEY_UISupportedInterfaceOrientations_iPhone = "UIInterfaceOrientationPortrait UIInterfaceOrientationLandscapeLeft UIInterfaceOrientationLandscapeRight";
				LD_RUNPATH_SEARCH_PATHS = (
					"$(inherited)",
					"@executable_path/Frameworks",
				);
				MARKETING_VERSION = 1.0;
				PRODUCT_BUNDLE_IDENTIFIER = com.tutran.TestPv;
				PRODUCT_NAME = "$(TARGET_NAME)";
				SWIFT_EMIT_LOC_STRINGS = YES;
				SWIFT_VERSION = 5.0;
				TARGETED_DEVICE_FAMILY = "1,2";
			};
			name = Debug;
		};
		AE673CE628059437001943EE /* Release */ = {
			isa = XCBuildConfiguration;
			buildSettings = {
				ASSETCATALOG_COMPILER_APPICON_NAME = AppIcon;
				ASSETCATALOG_COMPILER_GLOBAL_ACCENT_COLOR_NAME = AccentColor;
				CODE_SIGN_STYLE = Automatic;
				CURRENT_PROJECT_VERSION = 1;
				DEVELOPMENT_TEAM = 6SQPDZ732L;
				GENERATE_INFOPLIST_FILE = YES;
				INFOPLIST_FILE = TestPv/Info.plist;
				INFOPLIST_KEY_UIApplicationSupportsIndirectInputEvents = YES;
				INFOPLIST_KEY_UILaunchStoryboardName = LaunchScreen;
				INFOPLIST_KEY_UIMainStoryboardFile = Main;
				INFOPLIST_KEY_UISupportedInterfaceOrientations_iPad = "UIInterfaceOrientationPortrait UIInterfaceOrientationPortraitUpsideDown UIInterfaceOrientationLandscapeLeft UIInterfaceOrientationLandscapeRight";
				INFOPLIST_KEY_UISupportedInterfaceOrientations_iPhone = "UIInterfaceOrientationPortrait UIInterfaceOrientationLandscapeLeft UIInterfaceOrientationLandscapeRight";
				LD_RUNPATH_SEARCH_PATHS = (
					"$(inherited)",
					"@executable_path/Frameworks",
				);
				MARKETING_VERSION = 1.0;
				PRODUCT_BUNDLE_IDENTIFIER = com.tutran.TestPv;
				PRODUCT_NAME = "$(TARGET_NAME)";
				SWIFT_EMIT_LOC_STRINGS = YES;
				SWIFT_VERSION = 5.0;
				TARGETED_DEVICE_FAMILY = "1,2";
			};
			name = Release;
		};
/* End XCBuildConfiguration section */

/* Begin XCConfigurationList section */
		AE673CCB28059436001943EE /* Build configuration list for PBXProject "TestPv" */ = {
			isa = XCConfigurationList;
			buildConfigurations = (
				AE673CE228059437001943EE /* Debug */,
				AE673CE328059437001943EE /* Release */,
			);
			defaultConfigurationIsVisible = 0;
			defaultConfigurationName = Release;
		};
		AE673CE428059437001943EE /* Build configuration list for PBXNativeTarget "TestPv" */ = {
			isa = XCConfigurationList;
			buildConfigurations = (
				AE673CE528059437001943EE /* Debug */,
				AE673CE628059437001943EE /* Release */,
			);
			defaultConfigurationIsVisible = 0;
			defaultConfigurationName = Release;
		};
/* End XCConfigurationList section */
	};
	rootObject = AE673CC828059436001943EE /* Project object */;
}
